PODS:
  - Flutter (1.0.0)
  - linphone-sdk-novideo (5.1.36):
    - linphone-sdk-novideo/all-frameworks (= 5.1.36)
    - linphone-sdk-novideo/app-extension (= 5.1.36)
    - linphone-sdk-novideo/app-extension-swift (= 5.1.36)
    - linphone-sdk-novideo/basic-frameworks (= 5.1.36)
    - linphone-sdk-novideo/swift (= 5.1.36)
  - linphone-sdk-novideo/all-frameworks (5.1.36)
  - linphone-sdk-novideo/app-extension (5.1.36)
  - linphone-sdk-novideo/app-extension-swift (5.1.36):
    - linphone-sdk-novideo/app-extension
  - linphone-sdk-novideo/basic-frameworks (5.1.36):
    - linphone-sdk-novideo/app-extension
  - linphone-sdk-novideo/swift (5.1.36):
    - linphone-sdk-novideo/app-extension-swift
    - linphone-sdk-novideo/basic-frameworks
  - permission_handler_apple (9.0.4):
    - Flutter
  - voip24h_sdk_mobile (0.0.1):
    - Flutter
    - linphone-sdk-novideo

DEPENDENCIES:
  - Flutter (from `Flutter`)
  - linphone-sdk-novideo (= 5.1.36)
  - permission_handler_apple (from `.symlinks/plugins/permission_handler_apple/ios`)
  - voip24h_sdk_mobile (from `.symlinks/plugins/voip24h_sdk_mobile/ios`)

SPEC REPOS:
  https://gitlab.linphone.org/BC/public/podspec.git:
    - linphone-sdk-novideo

EXTERNAL SOURCES:
  Flutter:
    :path: Flutter
  permission_handler_apple:
    :path: ".symlinks/plugins/permission_handler_apple/ios"
  voip24h_sdk_mobile:
    :path: ".symlinks/plugins/voip24h_sdk_mobile/ios"

SPEC CHECKSUMS:
  Flutter: 50d75fe2f02b26cc09d224853bb45737f8b3214a
  linphone-sdk-novideo: 3ec4521c6c9d52de2f8e7a94d2a7f39769154ceb
  permission_handler_apple: 44366e37eaf29454a1e7b1b7d736c2cceaeb17ce
  voip24h_sdk_mobile: 0ddd687b86366be25c0c4b261cf9da7e4d9e10de

PODFILE CHECKSUM: c37d28e3d55607805d1bc8ee6080399187454839

COCOAPODS: 1.11.2
